{
  "name": "@shakerquiz/utilities",
  "version": "0.3.45",
  "lockfileVersion": 3,
  "requires": true,
  "packages": {
    "": {
      "name": "@shakerquiz/utilities",
      "version": "0.3.45",
      "license": "ISC",
      "dependencies": {
        "@yurkimus/cookies": "0.0.8",
        "@yurkimus/errors": "0.1.4",
        "@yurkimus/message": "0.0.14",
        "@yurkimus/response-status": "0.1.1",
        "@yurkimus/url": "0.2.8",
        "urlpattern-polyfill": "10.0.0"
      },
      "devDependencies": {
        "typescript": "5.8.2"
      }
    },
    "node_modules/@yurkimus/cookies": {
      "version": "0.0.8",
      "resolved": "https://registry.npmjs.org/@yurkimus/cookies/-/cookies-0.0.8.tgz",
      "integrity": "sha512-YKJAh+nDeVb7F8vYtrDeZZE8LGCs/6ZDXWMILTNpmwA1XOOEVRUiSiQDads1plvOUqxkBBvKNR7aFRetMkrYJQ==",
      "dependencies": {
        "@yurkimus/curry": "0.1.1",
        "@yurkimus/types": "0.2.3"
      }
    },
    "node_modules/@yurkimus/curry": {
      "version": "0.1.1",
      "resolved": "https://registry.npmjs.org/@yurkimus/curry/-/curry-0.1.1.tgz",
      "integrity": "sha512-gNoAhOw/+LUZwRJcsepuJwoftHIr3OCn5U7ZaamXX8flrYIFcV6GFN5ZZBFiuIjF/l54wDAfxYYR73PMCf+ROQ=="
    },
    "node_modules/@yurkimus/errors": {
      "version": "0.1.4",
      "resolved": "https://registry.npmjs.org/@yurkimus/errors/-/errors-0.1.4.tgz",
      "integrity": "sha512-EC20DfqTVHizxxpiiTu4IugQ4ZKOO1l5wTXhHO26IjE4tK5DTaatnh4L5jwJdKZCeN0qL7jh6sCtQSW2p6wX6g=="
    },
    "node_modules/@yurkimus/message": {
      "version": "0.0.14",
      "resolved": "https://registry.npmjs.org/@yurkimus/message/-/message-0.0.14.tgz",
      "integrity": "sha512-asZ8Cbf2O0IH8aeRzAbgi/Csc9184FSCQsAYJ3yWA4pqXz3FSf2vDJ9z+rBVA6fmlo63OGPO0qCXW6s/wmN87g==",
      "dependencies": {
        "@yurkimus/types": "0.2.3"
      }
    },
    "node_modules/@yurkimus/response-status": {
      "version": "0.1.1",
      "resolved": "https://registry.npmjs.org/@yurkimus/response-status/-/response-status-0.1.1.tgz",
      "integrity": "sha512-QSvLWlCpAMTUrQ7ZjZq537QwYam20iDdgs8TAn+vyWiIBVafT/j4sqZjDuaEgRVfmVO6GUpQGsOCrmYxevB1og==",
      "dependencies": {
        "@yurkimus/types": "0.2.3"
      }
    },
    "node_modules/@yurkimus/types": {
      "version": "0.2.3",
      "resolved": "https://registry.npmjs.org/@yurkimus/types/-/types-0.2.3.tgz",
      "integrity": "sha512-r9GJ2j4CRnjFPeLIExEUpsTmtwRMTLSUa8z4gGYqn92fpmWbAsH2lNsFkZc3jKTwp5383zq1yDAv37bdskRo4Q==",
      "dependencies": {
        "@yurkimus/curry": "0.1.1"
      }
    },
    "node_modules/@yurkimus/url": {
      "version": "0.2.8",
      "resolved": "https://registry.npmjs.org/@yurkimus/url/-/url-0.2.8.tgz",
      "integrity": "sha512-NUG+JW2IoVYvKYYnxeG19Z63fKmLOc2AyK8S9zyxY2XBenamIrdmTBIez3TV/372MU3oPG+P7+XhFMpNdoAb0Q==",
      "dependencies": {
        "@yurkimus/types": "0.2.3"
      }
    },
    "node_modules/typescript": {
      "version": "5.8.2",
      "resolved": "https://registry.npmjs.org/typescript/-/typescript-5.8.2.tgz",
      "integrity": "sha512-aJn6wq13/afZp/jT9QZmwEjDqqvSGp1VT5GVg+f/t6/oVyrgXM6BY1h9BRh/O5p3PlUPAe+WuiEZOmb/49RqoQ==",
      "dev": true,
      "license": "Apache-2.0",
      "bin": {
        "tsc": "bin/tsc",
        "tsserver": "bin/tsserver"
      },
      "engines": {
        "node": ">=14.17"
      }
    },
    "node_modules/urlpattern-polyfill": {
      "version": "10.0.0",
      "resolved": "https://registry.npmjs.org/urlpattern-polyfill/-/urlpattern-polyfill-10.0.0.tgz",
      "integrity": "sha512-H/A06tKD7sS1O1X2SshBVeA5FLycRpjqiBeqGKmBwBDBy28EnRjORxTNe269KSSr5un5qyWi1iL61wLxpd+ZOg=="
    }
  }
}
